
Microsoft Visual Studio Solution File, Format Version 12.00
# Visual Studio Version 16
VisualStudioVersion = 16.0.29201.188
MinimumVisualStudioVersion = 10.0.40219.1
Project("{FAE04EC0-301F-11D3-BF4B-00C04F79EFBC}") = "BudicMarinProvjeraZnanjaZadatak3", "BudicMarinProvjeraZnanjaZadatak3.csproj", "{40A717C4-E3D3-4800-86C3-38224526B91B}"
EndProject
Global
	GlobalSection(SolutionConfigurationPlatforms) = preSolution
		Debug|Any CPU = Debug|Any CPU
		Release|Any CPU = Release|Any CPU
	EndGlobalSection
	GlobalSection(ProjectConfigurationPlatforms) = postSolution
		{40A717C4-E3D3-4800-86C3-38224526B91B}.Debug|Any CPU.ActiveCfg = Debug|Any CPU
		{40A717C4-E3D3-4800-86C3-38224526B91B}.Debug|Any CPU.Build.0 = Debug|Any CPU
		{40A717C4-E3D3-4800-86C3-38224526B91B}.Release|Any CPU.ActiveCfg = Release|Any CPU
		{40A717C4-E3D3-4800-86C3-38224526B91B}.Release|Any CPU.Build.0 = Release|Any CPU
	EndGlobalSection
	GlobalSection(SolutionProperties) = preSolution
		HideSolutionNode = FALSE
	EndGlobalSection
	GlobalSection(ExtensibilityGlobals) = postSolution
		SolutionGuid = {0E45F84A-25B4-46BB-A448-DDC54B223271}
	EndGlobalSection
EndGlobal
